
Microsoft Visual Studio Solution File, Format Version 12.00
# Visual Studio 15
VisualStudioVersion = 15.0.28307.329
MinimumVisualStudioVersion = 10.0.40219.1
Project("{2150E333-8FDC-42A3-9474-1A3956D46DE8}") = "Backend", "Backend", "{C48198D7-7073-4D7B-B9E7-930814AB812E}"
EndProject
Project("{2150E333-8FDC-42A3-9474-1A3956D46DE8}") = "Frontend", "Frontend", "{C6E6D718-B40B-4EFF-8EE0-D043426635BC}"
EndProject
Project("{FAE04EC0-301F-11D3-BF4B-00C04F79EFBC}") = "Shop.Common", "Shop.Common\Shop.Common.csproj", "{2AF0039C-F5D0-438B-B9ED-7B673D3C9159}"
EndProject
Project("{FAE04EC0-301F-11D3-BF4B-00C04F79EFBC}") = "Shop.Web", "Shop.Web\Shop.Web.csproj", "{41A88CDF-DF98-4CF1-B93C-4875B5BFE372}"
EndProject
Project("{2150E333-8FDC-42A3-9474-1A3956D46DE8}") = "Forms", "Forms", "{BBE57E7B-7D78-4F2A-9657-A16E7D3E8234}"
EndProject
Project("{2150E333-8FDC-42A3-9474-1A3956D46DE8}") = "Classic", "Classic", "{8DB62EFD-2523-48CB-9FD9-99DC5A959B7A}"
EndProject
Project("{FAE04EC0-301F-11D3-BF4B-00C04F79EFBC}") = "Shop.UIForms.Android", "Shop.UIForms\Shop.UIForms.Android\Shop.UIForms.Android.csproj", "{CF55477A-0ADC-4116-83F0-E82B7A899222}"
EndProject
Project("{FAE04EC0-301F-11D3-BF4B-00C04F79EFBC}") = "Shop.UIForms.iOS", "Shop.UIForms\Shop.UIForms.iOS\Shop.UIForms.iOS.csproj", "{CFEAFDFB-F0B7-487A-A516-EB1474593A67}"
EndProject
Project("{FAE04EC0-301F-11D3-BF4B-00C04F79EFBC}") = "Shop.UIForms", "Shop.UIForms\Shop.UIForms\Shop.UIForms.csproj", "{E164908B-6DB3-4EC2-B8BA-9BBB4E17F599}"
EndProject
Project("{FAE04EC0-301F-11D3-BF4B-00C04F79EFBC}") = "Shop.UIClassic", "Shop.UIClassic\Shop.UIClassic.csproj", "{378FFC53-8FDE-4716-BDB9-F65F472A36C6}"
EndProject
Project("{FAE04EC0-301F-11D3-BF4B-00C04F79EFBC}") = "Shop.UIClassic.Android", "Shop.UIClassic.Android\Shop.UIClassic.Android.csproj", "{4DBC8F28-F087-4AFF-A1EA-37F0B454FD2B}"
EndProject
Project("{FAE04EC0-301F-11D3-BF4B-00C04F79EFBC}") = "Shop.UIClassic.iOS", "Shop.UIClassic.iOS\Shop.UIClassic.iOS.csproj", "{80A96B52-6758-4BDB-B0B4-CEA4CA155C60}"
EndProject
Global
	GlobalSection(SolutionConfigurationPlatforms) = preSolution
		Ad-Hoc|Any CPU = Ad-Hoc|Any CPU
		Ad-Hoc|iPhone = Ad-Hoc|iPhone
		Ad-Hoc|iPhoneSimulator = Ad-Hoc|iPhoneSimulator
		AppStore|Any CPU = AppStore|Any CPU
		AppStore|iPhone = AppStore|iPhone
		AppStore|iPhoneSimulator = AppStore|iPhoneSimulator
		Debug|Any CPU = Debug|Any CPU
		Debug|iPhone = Debug|iPhone
		Debug|iPhoneSimulator = Debug|iPhoneSimulator
		Release|Any CPU = Release|Any CPU
		Release|iPhone = Release|iPhone
		Release|iPhoneSimulator = Release|iPhoneSimulator
	EndGlobalSection
	GlobalSection(ProjectConfigurationPlatforms) = postSolution
		{2AF0039C-F5D0-438B-B9ED-7B673D3C9159}.Ad-Hoc|Any CPU.ActiveCfg = Debug|Any CPU
		{2AF0039C-F5D0-438B-B9ED-7B673D3C9159}.Ad-Hoc|Any CPU.Build.0 = Debug|Any CPU
		{2AF0039C-F5D0-438B-B9ED-7B673D3C9159}.Ad-Hoc|iPhone.ActiveCfg = Debug|Any CPU
		{2AF0039C-F5D0-438B-B9ED-7B673D3C9159}.Ad-Hoc|iPhone.Build.0 = Debug|Any CPU
		{2AF0039C-F5D0-438B-B9ED-7B673D3C9159}.Ad-Hoc|iPhoneSimulator.ActiveCfg = Debug|Any CPU
		{2AF0039C-F5D0-438B-B9ED-7B673D3C9159}.Ad-Hoc|iPhoneSimulator.Build.0 = Debug|Any CPU
		{2AF0039C-F5D0-438B-B9ED-7B673D3C9159}.AppStore|Any CPU.ActiveCfg = Debug|Any CPU
		{2AF0039C-F5D0-438B-B9ED-7B673D3C9159}.AppStore|Any CPU.Build.0 = Debug|Any CPU
		{2AF0039C-F5D0-438B-B9ED-7B673D3C9159}.AppStore|iPhone.ActiveCfg = Debug|Any CPU
		{2AF0039C-F5D0-438B-B9ED-7B673D3C9159}.AppStore|iPhone.Build.0 = Debug|Any CPU
		{2AF0039C-F5D0-438B-B9ED-7B673D3C9159}.AppStore|iPhoneSimulator.ActiveCfg = Debug|Any CPU
		{2AF0039C-F5D0-438B-B9ED-7B673D3C9159}.AppStore|iPhoneSimulator.Build.0 = Debug|Any CPU
		{2AF0039C-F5D0-438B-B9ED-7B673D3C9159}.Debug|Any CPU.ActiveCfg = Debug|Any CPU
		{2AF0039C-F5D0-438B-B9ED-7B673D3C9159}.Debug|Any CPU.Build.0 = Debug|Any CPU
		{2AF0039C-F5D0-438B-B9ED-7B673D3C9159}.Debug|iPhone.ActiveCfg = Debug|Any CPU
		{2AF0039C-F5D0-438B-B9ED-7B673D3C9159}.Debug|iPhone.Build.0 = Debug|Any CPU
		{2AF0039C-F5D0-438B-B9ED-7B673D3C9159}.Debug|iPhoneSimulator.ActiveCfg = Debug|Any CPU
		{2AF0039C-F5D0-438B-B9ED-7B673D3C9159}.Debug|iPhoneSimulator.Build.0 = Debug|Any CPU
		{2AF0039C-F5D0-438B-B9ED-7B673D3C9159}.Release|Any CPU.ActiveCfg = Release|Any CPU
		{2AF0039C-F5D0-438B-B9ED-7B673D3C9159}.Release|Any CPU.Build.0 = Release|Any CPU
		{2AF0039C-F5D0-438B-B9ED-7B673D3C9159}.Release|iPhone.ActiveCfg = Release|Any CPU
		{2AF0039C-F5D0-438B-B9ED-7B673D3C9159}.Release|iPhone.Build.0 = Release|Any CPU
		{2AF0039C-F5D0-438B-B9ED-7B673D3C9159}.Release|iPhoneSimulator.ActiveCfg = Release|Any CPU
		{2AF0039C-F5D0-438B-B9ED-7B673D3C9159}.Release|iPhoneSimulator.Build.0 = Release|Any CPU
		{41A88CDF-DF98-4CF1-B93C-4875B5BFE372}.Ad-Hoc|Any CPU.ActiveCfg = Debug|Any CPU
		{41A88CDF-DF98-4CF1-B93C-4875B5BFE372}.Ad-Hoc|Any CPU.Build.0 = Debug|Any CPU
		{41A88CDF-DF98-4CF1-B93C-4875B5BFE372}.Ad-Hoc|iPhone.ActiveCfg = Debug|Any CPU
		{41A88CDF-DF98-4CF1-B93C-4875B5BFE372}.Ad-Hoc|iPhone.Build.0 = Debug|Any CPU
		{41A88CDF-DF98-4CF1-B93C-4875B5BFE372}.Ad-Hoc|iPhoneSimulator.ActiveCfg = Debug|Any CPU
		{41A88CDF-DF98-4CF1-B93C-4875B5BFE372}.Ad-Hoc|iPhoneSimulator.Build.0 = Debug|Any CPU
		{41A88CDF-DF98-4CF1-B93C-4875B5BFE372}.AppStore|Any CPU.ActiveCfg = Debug|Any CPU
		{41A88CDF-DF98-4CF1-B93C-4875B5BFE372}.AppStore|Any CPU.Build.0 = Debug|Any CPU
		{41A88CDF-DF98-4CF1-B93C-4875B5BFE372}.AppStore|iPhone.ActiveCfg = Debug|Any CPU
		{41A88CDF-DF98-4CF1-B93C-4875B5BFE372}.AppStore|iPhone.Build.0 = Debug|Any CPU
		{41A88CDF-DF98-4CF1-B93C-4875B5BFE372}.AppStore|iPhoneSimulator.ActiveCfg = Debug|Any CPU
		{41A88CDF-DF98-4CF1-B93C-4875B5BFE372}.AppStore|iPhoneSimulator.Build.0 = Debug|Any CPU
		{41A88CDF-DF98-4CF1-B93C-4875B5BFE372}.Debug|Any CPU.ActiveCfg = Debug|Any CPU
		{41A88CDF-DF98-4CF1-B93C-4875B5BFE372}.Debug|Any CPU.Build.0 = Debug|Any CPU
		{41A88CDF-DF98-4CF1-B93C-4875B5BFE372}.Debug|iPhone.ActiveCfg = Debug|Any CPU
		{41A88CDF-DF98-4CF1-B93C-4875B5BFE372}.Debug|iPhone.Build.0 = Debug|Any CPU
		{41A88CDF-DF98-4CF1-B93C-4875B5BFE372}.Debug|iPhoneSimulator.ActiveCfg = Debug|Any CPU
		{41A88CDF-DF98-4CF1-B93C-4875B5BFE372}.Debug|iPhoneSimulator.Build.0 = Debug|Any CPU
		{41A88CDF-DF98-4CF1-B93C-4875B5BFE372}.Release|Any CPU.ActiveCfg = Release|Any CPU
		{41A88CDF-DF98-4CF1-B93C-4875B5BFE372}.Release|Any CPU.Build.0 = Release|Any CPU
		{41A88CDF-DF98-4CF1-B93C-4875B5BFE372}.Release|iPhone.ActiveCfg = Release|Any CPU
		{41A88CDF-DF98-4CF1-B93C-4875B5BFE372}.Release|iPhone.Build.0 = Release|Any CPU
		{41A88CDF-DF98-4CF1-B93C-4875B5BFE372}.Release|iPhoneSimulator.ActiveCfg = Release|Any CPU
		{41A88CDF-DF98-4CF1-B93C-4875B5BFE372}.Release|iPhoneSimulator.Build.0 = Release|Any CPU
		{CF55477A-0ADC-4116-83F0-E82B7A899222}.Ad-Hoc|Any CPU.ActiveCfg = Release|Any CPU
		{CF55477A-0ADC-4116-83F0-E82B7A899222}.Ad-Hoc|Any CPU.Build.0 = Release|Any CPU
		{CF55477A-0ADC-4116-83F0-E82B7A899222}.Ad-Hoc|Any CPU.Deploy.0 = Release|Any CPU
		{CF55477A-0ADC-4116-83F0-E82B7A899222}.Ad-Hoc|iPhone.ActiveCfg = Release|Any CPU
		{CF55477A-0ADC-4116-83F0-E82B7A899222}.Ad-Hoc|iPhone.Build.0 = Release|Any CPU
		{CF55477A-0ADC-4116-83F0-E82B7A899222}.Ad-Hoc|iPhone.Deploy.0 = Release|Any CPU
		{CF55477A-0ADC-4116-83F0-E82B7A899222}.Ad-Hoc|iPhoneSimulator.ActiveCfg = Release|Any CPU
		{CF55477A-0ADC-4116-83F0-E82B7A899222}.Ad-Hoc|iPhoneSimulator.Build.0 = Release|Any CPU
		{CF55477A-0ADC-4116-83F0-E82B7A899222}.Ad-Hoc|iPhoneSimulator.Deploy.0 = Release|Any CPU
		{CF55477A-0ADC-4116-83F0-E82B7A899222}.AppStore|Any CPU.ActiveCfg = Release|Any CPU
		{CF55477A-0ADC-4116-83F0-E82B7A899222}.AppStore|Any CPU.Build.0 = Release|Any CPU
		{CF55477A-0ADC-4116-83F0-E82B7A899222}.AppStore|Any CPU.Deploy.0 = Release|Any CPU
		{CF55477A-0ADC-4116-83F0-E82B7A899222}.AppStore|iPhone.ActiveCfg = Release|Any CPU
		{CF55477A-0ADC-4116-83F0-E82B7A899222}.AppStore|iPhone.Build.0 = Release|Any CPU
		{CF55477A-0ADC-4116-83F0-E82B7A899222}.AppStore|iPhone.Deploy.0 = Release|Any CPU
		{CF55477A-0ADC-4116-83F0-E82B7A899222}.AppStore|iPhoneSimulator.ActiveCfg = Release|Any CPU
		{CF55477A-0ADC-4116-83F0-E82B7A899222}.AppStore|iPhoneSimulator.Build.0 = Release|Any CPU
		{CF55477A-0ADC-4116-83F0-E82B7A899222}.AppStore|iPhoneSimulator.Deploy.0 = Release|Any CPU
		{CF55477A-0ADC-4116-83F0-E82B7A899222}.Debug|Any CPU.ActiveCfg = Debug|Any CPU
		{CF55477A-0ADC-4116-83F0-E82B7A899222}.Debug|Any CPU.Build.0 = Debug|Any CPU
		{CF55477A-0ADC-4116-83F0-E82B7A899222}.Debug|Any CPU.Deploy.0 = Debug|Any CPU
		{CF55477A-0ADC-4116-83F0-E82B7A899222}.Debug|iPhone.ActiveCfg = Debug|Any CPU
		{CF55477A-0ADC-4116-83F0-E82B7A899222}.Debug|iPhone.Build.0 = Debug|Any CPU
		{CF55477A-0ADC-4116-83F0-E82B7A899222}.Debug|iPhone.Deploy.0 = Debug|Any CPU
		{CF55477A-0ADC-4116-83F0-E82B7A899222}.Debug|iPhoneSimulator.ActiveCfg = Debug|Any CPU
		{CF55477A-0ADC-4116-83F0-E82B7A899222}.Debug|iPhoneSimulator.Build.0 = Debug|Any CPU
		{CF55477A-0ADC-4116-83F0-E82B7A899222}.Debug|iPhoneSimulator.Deploy.0 = Debug|Any CPU
		{CF55477A-0ADC-4116-83F0-E82B7A899222}.Release|Any CPU.ActiveCfg = Release|Any CPU
		{CF55477A-0ADC-4116-83F0-E82B7A899222}.Release|Any CPU.Build.0 = Release|Any CPU
		{CF55477A-0ADC-4116-83F0-E82B7A899222}.Release|Any CPU.Deploy.0 = Release|Any CPU
		{CF55477A-0ADC-4116-83F0-E82B7A899222}.Release|iPhone.ActiveCfg = Release|Any CPU
		{CF55477A-0ADC-4116-83F0-E82B7A899222}.Release|iPhone.Build.0 = Release|Any CPU
		{CF55477A-0ADC-4116-83F0-E82B7A899222}.Release|iPhone.Deploy.0 = Release|Any CPU
		{CF55477A-0ADC-4116-83F0-E82B7A899222}.Release|iPhoneSimulator.ActiveCfg = Release|Any CPU
		{CF55477A-0ADC-4116-83F0-E82B7A899222}.Release|iPhoneSimulator.Build.0 = Release|Any CPU
		{CF55477A-0ADC-4116-83F0-E82B7A899222}.Release|iPhoneSimulator.Deploy.0 = Release|Any CPU
		{CFEAFDFB-F0B7-487A-A516-EB1474593A67}.Ad-Hoc|Any CPU.ActiveCfg = Ad-Hoc|iPhone
		{CFEAFDFB-F0B7-487A-A516-EB1474593A67}.Ad-Hoc|iPhone.ActiveCfg = Ad-Hoc|iPhone
		{CFEAFDFB-F0B7-487A-A516-EB1474593A67}.Ad-Hoc|iPhone.Build.0 = Ad-Hoc|iPhone
		{CFEAFDFB-F0B7-487A-A516-EB1474593A67}.Ad-Hoc|iPhoneSimulator.ActiveCfg = Ad-Hoc|iPhoneSimulator
		{CFEAFDFB-F0B7-487A-A516-EB1474593A67}.Ad-Hoc|iPhoneSimulator.Build.0 = Ad-Hoc|iPhoneSimulator
		{CFEAFDFB-F0B7-487A-A516-EB1474593A67}.AppStore|Any CPU.ActiveCfg = AppStore|iPhone
		{CFEAFDFB-F0B7-487A-A516-EB1474593A67}.AppStore|iPhone.ActiveCfg = AppStore|iPhone
		{CFEAFDFB-F0B7-487A-A516-EB1474593A67}.AppStore|iPhone.Build.0 = AppStore|iPhone
		{CFEAFDFB-F0B7-487A-A516-EB1474593A67}.AppStore|iPhoneSimulator.ActiveCfg = AppStore|iPhoneSimulator
		{CFEAFDFB-F0B7-487A-A516-EB1474593A67}.AppStore|iPhoneSimulator.Build.0 = AppStore|iPhoneSimulator
		{CFEAFDFB-F0B7-487A-A516-EB1474593A67}.Debug|Any CPU.ActiveCfg = Debug|iPhone
		{CFEAFDFB-F0B7-487A-A516-EB1474593A67}.Debug|iPhone.ActiveCfg = Debug|iPhone
		{CFEAFDFB-F0B7-487A-A516-EB1474593A67}.Debug|iPhone.Build.0 = Debug|iPhone
		{CFEAFDFB-F0B7-487A-A516-EB1474593A67}.Debug|iPhoneSimulator.ActiveCfg = Debug|iPhoneSimulator
		{CFEAFDFB-F0B7-487A-A516-EB1474593A67}.Debug|iPhoneSimulator.Build.0 = Debug|iPhoneSimulator
		{CFEAFDFB-F0B7-487A-A516-EB1474593A67}.Release|Any CPU.ActiveCfg = Release|iPhone
		{CFEAFDFB-F0B7-487A-A516-EB1474593A67}.Release|iPhone.ActiveCfg = Release|iPhone
		{CFEAFDFB-F0B7-487A-A516-EB1474593A67}.Release|iPhone.Build.0 = Release|iPhone
		{CFEAFDFB-F0B7-487A-A516-EB1474593A67}.Release|iPhoneSimulator.ActiveCfg = Release|iPhoneSimulator
		{CFEAFDFB-F0B7-487A-A516-EB1474593A67}.Release|iPhoneSimulator.Build.0 = Release|iPhoneSimulator
		{E164908B-6DB3-4EC2-B8BA-9BBB4E17F599}.Ad-Hoc|Any CPU.ActiveCfg = Debug|Any CPU
		{E164908B-6DB3-4EC2-B8BA-9BBB4E17F599}.Ad-Hoc|Any CPU.Build.0 = Debug|Any CPU
		{E164908B-6DB3-4EC2-B8BA-9BBB4E17F599}.Ad-Hoc|iPhone.ActiveCfg = Debug|Any CPU
		{E164908B-6DB3-4EC2-B8BA-9BBB4E17F599}.Ad-Hoc|iPhone.Build.0 = Debug|Any CPU
		{E164908B-6DB3-4EC2-B8BA-9BBB4E17F599}.Ad-Hoc|iPhoneSimulator.ActiveCfg = Debug|Any CPU
		{E164908B-6DB3-4EC2-B8BA-9BBB4E17F599}.Ad-Hoc|iPhoneSimulator.Build.0 = Debug|Any CPU
		{E164908B-6DB3-4EC2-B8BA-9BBB4E17F599}.AppStore|Any CPU.ActiveCfg = Debug|Any CPU
		{E164908B-6DB3-4EC2-B8BA-9BBB4E17F599}.AppStore|Any CPU.Build.0 = Debug|Any CPU
		{E164908B-6DB3-4EC2-B8BA-9BBB4E17F599}.AppStore|iPhone.ActiveCfg = Debug|Any CPU
		{E164908B-6DB3-4EC2-B8BA-9BBB4E17F599}.AppStore|iPhone.Build.0 = Debug|Any CPU
		{E164908B-6DB3-4EC2-B8BA-9BBB4E17F599}.AppStore|iPhoneSimulator.ActiveCfg = Debug|Any CPU
		{E164908B-6DB3-4EC2-B8BA-9BBB4E17F599}.AppStore|iPhoneSimulator.Build.0 = Debug|Any CPU
		{E164908B-6DB3-4EC2-B8BA-9BBB4E17F599}.Debug|Any CPU.ActiveCfg = Debug|Any CPU
		{E164908B-6DB3-4EC2-B8BA-9BBB4E17F599}.Debug|Any CPU.Build.0 = Debug|Any CPU
		{E164908B-6DB3-4EC2-B8BA-9BBB4E17F599}.Debug|iPhone.ActiveCfg = Debug|Any CPU
		{E164908B-6DB3-4EC2-B8BA-9BBB4E17F599}.Debug|iPhone.Build.0 = Debug|Any CPU
		{E164908B-6DB3-4EC2-B8BA-9BBB4E17F599}.Debug|iPhoneSimulator.ActiveCfg = Debug|Any CPU
		{E164908B-6DB3-4EC2-B8BA-9BBB4E17F599}.Debug|iPhoneSimulator.Build.0 = Debug|Any CPU
		{E164908B-6DB3-4EC2-B8BA-9BBB4E17F599}.Release|Any CPU.ActiveCfg = Release|Any CPU
		{E164908B-6DB3-4EC2-B8BA-9BBB4E17F599}.Release|Any CPU.Build.0 = Release|Any CPU
		{E164908B-6DB3-4EC2-B8BA-9BBB4E17F599}.Release|iPhone.ActiveCfg = Release|Any CPU
		{E164908B-6DB3-4EC2-B8BA-9BBB4E17F599}.Release|iPhone.Build.0 = Release|Any CPU
		{E164908B-6DB3-4EC2-B8BA-9BBB4E17F599}.Release|iPhoneSimulator.ActiveCfg = Release|Any CPU
		{E164908B-6DB3-4EC2-B8BA-9BBB4E17F599}.Release|iPhoneSimulator.Build.0 = Release|Any CPU
		{378FFC53-8FDE-4716-BDB9-F65F472A36C6}.Ad-Hoc|Any CPU.ActiveCfg = Debug|Any CPU
		{378FFC53-8FDE-4716-BDB9-F65F472A36C6}.Ad-Hoc|Any CPU.Build.0 = Debug|Any CPU
		{378FFC53-8FDE-4716-BDB9-F65F472A36C6}.Ad-Hoc|iPhone.ActiveCfg = Debug|Any CPU
		{378FFC53-8FDE-4716-BDB9-F65F472A36C6}.Ad-Hoc|iPhone.Build.0 = Debug|Any CPU
		{378FFC53-8FDE-4716-BDB9-F65F472A36C6}.Ad-Hoc|iPhoneSimulator.ActiveCfg = Debug|Any CPU
		{378FFC53-8FDE-4716-BDB9-F65F472A36C6}.Ad-Hoc|iPhoneSimulator.Build.0 = Debug|Any CPU
		{378FFC53-8FDE-4716-BDB9-F65F472A36C6}.AppStore|Any CPU.ActiveCfg = Debug|Any CPU
		{378FFC53-8FDE-4716-BDB9-F65F472A36C6}.AppStore|Any CPU.Build.0 = Debug|Any CPU
		{378FFC53-8FDE-4716-BDB9-F65F472A36C6}.AppStore|iPhone.ActiveCfg = Debug|Any CPU
		{378FFC53-8FDE-4716-BDB9-F65F472A36C6}.AppStore|iPhone.Build.0 = Debug|Any CPU
		{378FFC53-8FDE-4716-BDB9-F65F472A36C6}.AppStore|iPhoneSimulator.ActiveCfg = Debug|Any CPU
		{378FFC53-8FDE-4716-BDB9-F65F472A36C6}.AppStore|iPhoneSimulator.Build.0 = Debug|Any CPU
		{378FFC53-8FDE-4716-BDB9-F65F472A36C6}.Debug|Any CPU.ActiveCfg = Debug|Any CPU
		{378FFC53-8FDE-4716-BDB9-F65F472A36C6}.Debug|Any CPU.Build.0 = Debug|Any CPU
		{378FFC53-8FDE-4716-BDB9-F65F472A36C6}.Debug|iPhone.ActiveCfg = Debug|Any CPU
		{378FFC53-8FDE-4716-BDB9-F65F472A36C6}.Debug|iPhone.Build.0 = Debug|Any CPU
		{378FFC53-8FDE-4716-BDB9-F65F472A36C6}.Debug|iPhoneSimulator.ActiveCfg = Debug|Any CPU
		{378FFC53-8FDE-4716-BDB9-F65F472A36C6}.Debug|iPhoneSimulator.Build.0 = Debug|Any CPU
		{378FFC53-8FDE-4716-BDB9-F65F472A36C6}.Release|Any CPU.ActiveCfg = Release|Any CPU
		{378FFC53-8FDE-4716-BDB9-F65F472A36C6}.Release|Any CPU.Build.0 = Release|Any CPU
		{378FFC53-8FDE-4716-BDB9-F65F472A36C6}.Release|iPhone.ActiveCfg = Release|Any CPU
		{378FFC53-8FDE-4716-BDB9-F65F472A36C6}.Release|iPhone.Build.0 = Release|Any CPU
		{378FFC53-8FDE-4716-BDB9-F65F472A36C6}.Release|iPhoneSimulator.ActiveCfg = Release|Any CPU
		{378FFC53-8FDE-4716-BDB9-F65F472A36C6}.Release|iPhoneSimulator.Build.0 = Release|Any CPU
		{4DBC8F28-F087-4AFF-A1EA-37F0B454FD2B}.Ad-Hoc|Any CPU.ActiveCfg = Release|Any CPU
		{4DBC8F28-F087-4AFF-A1EA-37F0B454FD2B}.Ad-Hoc|Any CPU.Build.0 = Release|Any CPU
		{4DBC8F28-F087-4AFF-A1EA-37F0B454FD2B}.Ad-Hoc|Any CPU.Deploy.0 = Release|Any CPU
		{4DBC8F28-F087-4AFF-A1EA-37F0B454FD2B}.Ad-Hoc|iPhone.ActiveCfg = Release|Any CPU
		{4DBC8F28-F087-4AFF-A1EA-37F0B454FD2B}.Ad-Hoc|iPhone.Build.0 = Release|Any CPU
		{4DBC8F28-F087-4AFF-A1EA-37F0B454FD2B}.Ad-Hoc|iPhone.Deploy.0 = Release|Any CPU
		{4DBC8F28-F087-4AFF-A1EA-37F0B454FD2B}.Ad-Hoc|iPhoneSimulator.ActiveCfg = Release|Any CPU
		{4DBC8F28-F087-4AFF-A1EA-37F0B454FD2B}.Ad-Hoc|iPhoneSimulator.Build.0 = Release|Any CPU
		{4DBC8F28-F087-4AFF-A1EA-37F0B454FD2B}.Ad-Hoc|iPhoneSimulator.Deploy.0 = Release|Any CPU
		{4DBC8F28-F087-4AFF-A1EA-37F0B454FD2B}.AppStore|Any CPU.ActiveCfg = Release|Any CPU
		{4DBC8F28-F087-4AFF-A1EA-37F0B454FD2B}.AppStore|Any CPU.Build.0 = Release|Any CPU
		{4DBC8F28-F087-4AFF-A1EA-37F0B454FD2B}.AppStore|Any CPU.Deploy.0 = Release|Any CPU
		{4DBC8F28-F087-4AFF-A1EA-37F0B454FD2B}.AppStore|iPhone.ActiveCfg = Release|Any CPU
		{4DBC8F28-F087-4AFF-A1EA-37F0B454FD2B}.AppStore|iPhone.Build.0 = Release|Any CPU
		{4DBC8F28-F087-4AFF-A1EA-37F0B454FD2B}.AppStore|iPhone.Deploy.0 = Release|Any CPU
		{4DBC8F28-F087-4AFF-A1EA-37F0B454FD2B}.AppStore|iPhoneSimulator.ActiveCfg = Release|Any CPU
		{4DBC8F28-F087-4AFF-A1EA-37F0B454FD2B}.AppStore|iPhoneSimulator.Build.0 = Release|Any CPU
		{4DBC8F28-F087-4AFF-A1EA-37F0B454FD2B}.AppStore|iPhoneSimulator.Deploy.0 = Release|Any CPU
		{4DBC8F28-F087-4AFF-A1EA-37F0B454FD2B}.Debug|Any CPU.ActiveCfg = Debug|Any CPU
		{4DBC8F28-F087-4AFF-A1EA-37F0B454FD2B}.Debug|Any CPU.Build.0 = Debug|Any CPU
		{4DBC8F28-F087-4AFF-A1EA-37F0B454FD2B}.Debug|Any CPU.Deploy.0 = Debug|Any CPU
		{4DBC8F28-F087-4AFF-A1EA-37F0B454FD2B}.Debug|iPhone.ActiveCfg = Debug|Any CPU
		{4DBC8F28-F087-4AFF-A1EA-37F0B454FD2B}.Debug|iPhone.Build.0 = Debug|Any CPU
		{4DBC8F28-F087-4AFF-A1EA-37F0B454FD2B}.Debug|iPhone.Deploy.0 = Debug|Any CPU
		{4DBC8F28-F087-4AFF-A1EA-37F0B454FD2B}.Debug|iPhoneSimulator.ActiveCfg = Debug|Any CPU
		{4DBC8F28-F087-4AFF-A1EA-37F0B454FD2B}.Debug|iPhoneSimulator.Build.0 = Debug|Any CPU
		{4DBC8F28-F087-4AFF-A1EA-37F0B454FD2B}.Debug|iPhoneSimulator.Deploy.0 = Debug|Any CPU
		{4DBC8F28-F087-4AFF-A1EA-37F0B454FD2B}.Release|Any CPU.ActiveCfg = Release|Any CPU
		{4DBC8F28-F087-4AFF-A1EA-37F0B454FD2B}.Release|Any CPU.Build.0 = Release|Any CPU
		{4DBC8F28-F087-4AFF-A1EA-37F0B454FD2B}.Release|Any CPU.Deploy.0 = Release|Any CPU
		{4DBC8F28-F087-4AFF-A1EA-37F0B454FD2B}.Release|iPhone.ActiveCfg = Release|Any CPU
		{4DBC8F28-F087-4AFF-A1EA-37F0B454FD2B}.Release|iPhone.Build.0 = Release|Any CPU
		{4DBC8F28-F087-4AFF-A1EA-37F0B454FD2B}.Release|iPhone.Deploy.0 = Release|Any CPU
		{4DBC8F28-F087-4AFF-A1EA-37F0B454FD2B}.Release|iPhoneSimulator.ActiveCfg = Release|Any CPU
		{4DBC8F28-F087-4AFF-A1EA-37F0B454FD2B}.Release|iPhoneSimulator.Build.0 = Release|Any CPU
		{4DBC8F28-F087-4AFF-A1EA-37F0B454FD2B}.Release|iPhoneSimulator.Deploy.0 = Release|Any CPU
		{80A96B52-6758-4BDB-B0B4-CEA4CA155C60}.Ad-Hoc|Any CPU.ActiveCfg = Release|iPhone
		{80A96B52-6758-4BDB-B0B4-CEA4CA155C60}.Ad-Hoc|Any CPU.Build.0 = Release|iPhone
		{80A96B52-6758-4BDB-B0B4-CEA4CA155C60}.Ad-Hoc|iPhone.ActiveCfg = Release|iPhone
		{80A96B52-6758-4BDB-B0B4-CEA4CA155C60}.Ad-Hoc|iPhone.Build.0 = Release|iPhone
		{80A96B52-6758-4BDB-B0B4-CEA4CA155C60}.Ad-Hoc|iPhoneSimulator.ActiveCfg = Release|iPhoneSimulator
		{80A96B52-6758-4BDB-B0B4-CEA4CA155C60}.Ad-Hoc|iPhoneSimulator.Build.0 = Release|iPhoneSimulator
		{80A96B52-6758-4BDB-B0B4-CEA4CA155C60}.AppStore|Any CPU.ActiveCfg = Release|iPhone
		{80A96B52-6758-4BDB-B0B4-CEA4CA155C60}.AppStore|Any CPU.Build.0 = Release|iPhone
		{80A96B52-6758-4BDB-B0B4-CEA4CA155C60}.AppStore|iPhone.ActiveCfg = Release|iPhone
		{80A96B52-6758-4BDB-B0B4-CEA4CA155C60}.AppStore|iPhone.Build.0 = Release|iPhone
		{80A96B52-6758-4BDB-B0B4-CEA4CA155C60}.AppStore|iPhoneSimulator.ActiveCfg = Release|iPhoneSimulator
		{80A96B52-6758-4BDB-B0B4-CEA4CA155C60}.AppStore|iPhoneSimulator.Build.0 = Release|iPhoneSimulator
		{80A96B52-6758-4BDB-B0B4-CEA4CA155C60}.Debug|Any CPU.ActiveCfg = Debug|iPhone
		{80A96B52-6758-4BDB-B0B4-CEA4CA155C60}.Debug|iPhone.ActiveCfg = Debug|iPhone
		{80A96B52-6758-4BDB-B0B4-CEA4CA155C60}.Debug|iPhone.Build.0 = Debug|iPhone
		{80A96B52-6758-4BDB-B0B4-CEA4CA155C60}.Debug|iPhoneSimulator.ActiveCfg = Debug|iPhoneSimulator
		{80A96B52-6758-4BDB-B0B4-CEA4CA155C60}.Debug|iPhoneSimulator.Build.0 = Debug|iPhoneSimulator
		{80A96B52-6758-4BDB-B0B4-CEA4CA155C60}.Release|Any CPU.ActiveCfg = Release|iPhone
		{80A96B52-6758-4BDB-B0B4-CEA4CA155C60}.Release|iPhone.ActiveCfg = Release|iPhone
		{80A96B52-6758-4BDB-B0B4-CEA4CA155C60}.Release|iPhone.Build.0 = Release|iPhone
		{80A96B52-6758-4BDB-B0B4-CEA4CA155C60}.Release|iPhoneSimulator.ActiveCfg = Release|iPhoneSimulator
		{80A96B52-6758-4BDB-B0B4-CEA4CA155C60}.Release|iPhoneSimulator.Build.0 = Release|iPhoneSimulator
	EndGlobalSection
	GlobalSection(SolutionProperties) = preSolution
		HideSolutionNode = FALSE
	EndGlobalSection
	GlobalSection(NestedProjects) = preSolution
		{41A88CDF-DF98-4CF1-B93C-4875B5BFE372} = {C48198D7-7073-4D7B-B9E7-930814AB812E}
		{BBE57E7B-7D78-4F2A-9657-A16E7D3E8234} = {C6E6D718-B40B-4EFF-8EE0-D043426635BC}
		{8DB62EFD-2523-48CB-9FD9-99DC5A959B7A} = {C6E6D718-B40B-4EFF-8EE0-D043426635BC}
		{CF55477A-0ADC-4116-83F0-E82B7A899222} = {BBE57E7B-7D78-4F2A-9657-A16E7D3E8234}
		{CFEAFDFB-F0B7-487A-A516-EB1474593A67} = {BBE57E7B-7D78-4F2A-9657-A16E7D3E8234}
		{E164908B-6DB3-4EC2-B8BA-9BBB4E17F599} = {BBE57E7B-7D78-4F2A-9657-A16E7D3E8234}
		{378FFC53-8FDE-4716-BDB9-F65F472A36C6} = {8DB62EFD-2523-48CB-9FD9-99DC5A959B7A}
		{4DBC8F28-F087-4AFF-A1EA-37F0B454FD2B} = {8DB62EFD-2523-48CB-9FD9-99DC5A959B7A}
		{80A96B52-6758-4BDB-B0B4-CEA4CA155C60} = {8DB62EFD-2523-48CB-9FD9-99DC5A959B7A}
	EndGlobalSection
	GlobalSection(ExtensibilityGlobals) = postSolution
		SolutionGuid = {B5E4E9CC-180E-4287-9ECD-8CAA0B94E61A}
	EndGlobalSection
EndGlobal
